
Microsoft Visual Studio Solution File, Format Version 12.00
# Visual Studio Version 17
VisualStudioVersion = 17.0.32112.339
MinimumVisualStudioVersion = 10.0.40219.1
Project("{FAE04EC0-301F-11D3-BF4B-00C04F79EFBC}") = "progetto del 20 01", "progetto del 20 01\progetto del 20 01.csproj", "{F77460C4-531A-4BE2-97B3-48C155F2452E}"
EndProject
Project("{2150E333-8FDC-42A3-9474-1A3956D46DE8}") = "Solution Items", "Solution Items", "{19BC5345-9FB6-470A-8F7E-F18AA87E2FCC}"
	ProjectSection(SolutionItems) = preProject
		Squadre.txt = Squadre.txt
	EndProjectSection
EndProject
Global
	GlobalSection(SolutionConfigurationPlatforms) = preSolution
		Debug|Any CPU = Debug|Any CPU
		Release|Any CPU = Release|Any CPU
	EndGlobalSection
	GlobalSection(ProjectConfigurationPlatforms) = postSolution
		{F77460C4-531A-4BE2-97B3-48C155F2452E}.Debug|Any CPU.ActiveCfg = Debug|Any CPU
		{F77460C4-531A-4BE2-97B3-48C155F2452E}.Debug|Any CPU.Build.0 = Debug|Any CPU
		{F77460C4-531A-4BE2-97B3-48C155F2452E}.Release|Any CPU.ActiveCfg = Release|Any CPU
		{F77460C4-531A-4BE2-97B3-48C155F2452E}.Release|Any CPU.Build.0 = Release|Any CPU
	EndGlobalSection
	GlobalSection(SolutionProperties) = preSolution
		HideSolutionNode = FALSE
	EndGlobalSection
	GlobalSection(ExtensibilityGlobals) = postSolution
		SolutionGuid = {9F84F5CF-79DC-4CDA-82C4-EED391146AA6}
	EndGlobalSection
EndGlobal
